
Microsoft Visual Studio Solution File, Format Version 12.00
# Visual Studio Version 16
VisualStudioVersion = 16.0.31005.135
MinimumVisualStudioVersion = 10.0.40219.1
Project("{FAE04EC0-301F-11D3-BF4B-00C04F79EFBC}") = "ACSM.TesteUnitario.Domain", "ACSM.TesteUnitario.Domain\ACSM.TesteUnitario.Domain.csproj", "{F68D2DC2-5016-4E6C-993F-080CA9AE3BEA}"
EndProject
Project("{2150E333-8FDC-42A3-9474-1A3956D46DE8}") = "01 - Testes de Unidade", "01 - Testes de Unidade", "{BB60E6B1-A551-4E63-966A-F7ADD8AEDDF7}"
EndProject
Project("{2150E333-8FDC-42A3-9474-1A3956D46DE8}") = "1.1 - Testes Basicos", "1.1 - Testes Basicos", "{6BB953A9-B34C-484E-B646-52436EFE3FB0}"
EndProject
Project("{FAE04EC0-301F-11D3-BF4B-00C04F79EFBC}") = "ACSM.TesteUnitario.Domain.Tests", "ACSM.TesteUnitario.Domain.Tests\ACSM.TesteUnitario.Domain.Tests.csproj", "{66DFB6AB-4B39-4FC9-963A-56F9522D1A47}"
EndProject
Global
	GlobalSection(SolutionConfigurationPlatforms) = preSolution
		Debug|Any CPU = Debug|Any CPU
		Release|Any CPU = Release|Any CPU
	EndGlobalSection
	GlobalSection(ProjectConfigurationPlatforms) = postSolution
		{F68D2DC2-5016-4E6C-993F-080CA9AE3BEA}.Debug|Any CPU.ActiveCfg = Debug|Any CPU
		{F68D2DC2-5016-4E6C-993F-080CA9AE3BEA}.Debug|Any CPU.Build.0 = Debug|Any CPU
		{F68D2DC2-5016-4E6C-993F-080CA9AE3BEA}.Release|Any CPU.ActiveCfg = Release|Any CPU
		{F68D2DC2-5016-4E6C-993F-080CA9AE3BEA}.Release|Any CPU.Build.0 = Release|Any CPU
		{66DFB6AB-4B39-4FC9-963A-56F9522D1A47}.Debug|Any CPU.ActiveCfg = Debug|Any CPU
		{66DFB6AB-4B39-4FC9-963A-56F9522D1A47}.Debug|Any CPU.Build.0 = Debug|Any CPU
		{66DFB6AB-4B39-4FC9-963A-56F9522D1A47}.Release|Any CPU.ActiveCfg = Release|Any CPU
		{66DFB6AB-4B39-4FC9-963A-56F9522D1A47}.Release|Any CPU.Build.0 = Release|Any CPU
	EndGlobalSection
	GlobalSection(SolutionProperties) = preSolution
		HideSolutionNode = FALSE
	EndGlobalSection
	GlobalSection(NestedProjects) = preSolution
		{F68D2DC2-5016-4E6C-993F-080CA9AE3BEA} = {6BB953A9-B34C-484E-B646-52436EFE3FB0}
		{6BB953A9-B34C-484E-B646-52436EFE3FB0} = {BB60E6B1-A551-4E63-966A-F7ADD8AEDDF7}
		{66DFB6AB-4B39-4FC9-963A-56F9522D1A47} = {6BB953A9-B34C-484E-B646-52436EFE3FB0}
	EndGlobalSection
	GlobalSection(ExtensibilityGlobals) = postSolution
		SolutionGuid = {DDDEB59A-F809-40E2-8403-0A6D35C1EC1A}
	EndGlobalSection
EndGlobal
